# pnpm-lock.yaml
# This file is generated by pnpm.
# Do not modify this file manually.
#
# This file ensures that Vercel uses pnpm for dependency resolution,
# preventing conflicts with react-day-picker which is no longer a dependency.

lockfileVersion: '9.0'

settings:
  autoInstallPeers: true
  excludeLinksFromLockfile: false

dependencies:
  '@google/generative-ai':
    specifier: ^0.24.1
    version: 0.24.1
  '@hookform/resolvers':
    specifier: ^5.0.1
    version: 5.0.1
  '@radix-ui/react-accordion':
    specifier: ^1.2.11
    version: 1.2.11
  '@radix-ui/react-alert-dialog':
    specifier: ^1.1.14
    version: 1.1.14
  '@radix-ui/react-aspect-ratio':
    specifier: ^1.1.7
    version: 1.1.7
  '@radix-ui/react-avatar':
    specifier: ^1.1.10
    version: 1.1.10
  '@radix-ui/react-checkbox':
    specifier: ^1.3.2
    version: 1.3.2
  '@radix-ui/react-collapsible':
    specifier: ^1.1.11
    version: 1.1.11
  '@radix-ui/react-context-menu':
    specifier: ^2.2.15
    version: 2.2.15
  '@radix-ui/react-dialog':
    specifier: ^1.1.14
    version: 1.1.14
  '@radix-ui/react-dropdown-menu':
    specifier: ^2.1.15
    version: 2.1.15
  '@radix-ui/react-hover-card':
    specifier: ^1.1.14
    version: 1.1.14
  '@radix-ui/react-label':
    specifier: ^2.1.7
    version: 2.1.7
  '@radix-ui/react-menubar':
    specifier: ^1.1.15
    version: 1.1.15
  '@radix-ui/react-navigation-menu':
    specifier: ^1.2.13
    version: 1.2.13
  '@radix-ui/react-popover':
    specifier: ^1.1.14
    version: 1.1.14
  '@radix-ui/react-progress':
    specifier: ^1.1.7
    version: 1.1.7
  '@radix-ui/react-radio-group':
    specifier: ^1.3.7
    version: 1.3.7
  '@radix-ui/react-scroll-area':
    specifier: ^1.2.9
    version: 1.2.9
  '@radix-ui/react-select':
    specifier: ^2.2.5
    version: 2.2.5
  '@radix-ui/react-separator':
    specifier: ^1.1.7
    version: 1.1.7
  '@radix-ui/react-slider':
    specifier: ^1.3.5
    version: 1.3.5
  '@radix-ui/react-switch':
    specifier: ^1.2.5
    version: 1.2.5
  '@radix-ui/react-tabs':
    specifier: ^1.1.12
    version: 1.1.12
  '@radix-ui/react-toggle':
    specifier: ^1.1.9
    version: 1.1.9
  '@radix-ui/react-toggle-group':
    specifier: ^1.1.10
    version: 1.1.10
  '@radix-ui/react-tooltip':
    specifier: ^1.2.7
    version: 1.2.7
  '@supabase/auth-ui-react':
    specifier: ^0.4.7
    version: 0.4.7
  '@supabase/auth-ui-shared':
    specifier: ^0.1.8
    version: 0.1.8
  '@supabase/ssr':
    specifier: ^0.7.0
    version: 0.7.0
  '@supabase/supabase-js':
    specifier: ^2.58.0
    version: 2.58.0
  'class-variance-authority':
    specifier: ^0.7.1
    version: 0.7.1
  clsx:
    specifier: ^2.1.1
    version: 2.1.1
  cmdk:
    specifier: ^1.1.1
    version: 1.1.1
  'date-fns':
    specifier: ^3.6.0
    version: 3.6.0
  'embla-carousel-react':
    specifier: ^8.6.0
    version: 8.6.0
  'input-otp':
    specifier: ^1.4.2
    version: 1.4.2
  'lucide-react':
    specifier: ^0.511.0
    version: 0.511.0
  next:
    specifier: 15.3.4
    version: 15.3.4
  'next-themes':
    specifier: ^0.4.6
    version: 0.4.6
  react:
    specifier: ^19.0.0
    version: 19.0.0
  'react-dom':
    specifier: ^19.0.0
    version: 19.0.0
  'react-hook-form':
    specifier: ^7.56.4
    version: 7.56.4
  'react-resizable-panels':
    specifier: ^3.0.2
    version: 3.0.2
  recharts:
    specifier: ^2.15.3
    version: 2.15.3
  sonner:
    specifier: ^2.0.3
    version: 2.0.3
  'tailwind-merge':
    specifier: ^3.3.0
    version: 3.3.0
  'tailwindcss-animate':
    specifier: ^1.0.7
    version: 1.0.7
  uuid:
    specifier: ^13.0.0
    version: 13.0.0
  vaul:
    specifier: ^1.1.2
    version: 1.1.2
  zod:
    specifier: ^3.25.28
    version: 3.25.28

devDependencies:
  '@dyad-sh/nextjs-webpack-component-tagger':
    specifier: ^0.8.0
    version: 0.8.0
  '@types/node':
    specifier: ^20
    version: 20.14.13
  '@types/react':
    specifier: ^19
    version: 19.0.0
  '@types/react-dom':
    specifier: ^19
    version: 19.0.0
  postcss:
    specifier: ^8
    version: 8.4.39
  tailwindcss:
    specifier: ^3.4.1
    version: 3.4.6
  typescript:
    specifier: ^5
    version: 5.5.4